{
  "name": "rawjsonbuilder",
  "version": "1.0.6",
  "lockfileVersion": 2,
  "requires": true,
  "packages": {
    "": {
      "name": "rawjsonbuilder",
      "version": "1.0.3",
      "license": "MIT",
      "dependencies": {
        "minecraft-protocol-chat-parser": "^3.0.2"
      },
      "devDependencies": {
        "typescript": "^4.1.5"
      }
    },
    "node_modules/minecraft-protocol-chat-parser": {
      "version": "3.0.2",
      "resolved": "https://registry.npmjs.org/minecraft-protocol-chat-parser/-/minecraft-protocol-chat-parser-3.0.2.tgz",
      "integrity": "sha512-k8GDmsE95h1H+kw4aLOcwMe2SvQd/0g66na+zMWb4SVulTxzZB0ILyw9iEFBj4nMvUiuvZXqFGoMc7qOEGNiPQ=="
    },
    "node_modules/typescript": {
      "version": "4.1.5",
      "resolved": "https://registry.npmjs.org/typescript/-/typescript-4.1.5.tgz",
      "integrity": "sha512-6OSu9PTIzmn9TCDiovULTnET6BgXtDYL4Gg4szY+cGsc3JP1dQL8qvE8kShTRx1NIw4Q9IBHlwODjkjWEtMUyA==",
      "dev": true,
      "bin": {
        "tsc": "bin/tsc",
        "tsserver": "bin/tsserver"
      },
      "engines": {
        "node": ">=4.2.0"
      }
    }
  },
  "dependencies": {
    "minecraft-protocol-chat-parser": {
      "version": "3.0.2",
      "resolved": "https://registry.npmjs.org/minecraft-protocol-chat-parser/-/minecraft-protocol-chat-parser-3.0.2.tgz",
      "integrity": "sha512-k8GDmsE95h1H+kw4aLOcwMe2SvQd/0g66na+zMWb4SVulTxzZB0ILyw9iEFBj4nMvUiuvZXqFGoMc7qOEGNiPQ=="
    },
    "typescript": {
      "version": "4.1.5",
      "resolved": "https://registry.npmjs.org/typescript/-/typescript-4.1.5.tgz",
      "integrity": "sha512-6OSu9PTIzmn9TCDiovULTnET6BgXtDYL4Gg4szY+cGsc3JP1dQL8qvE8kShTRx1NIw4Q9IBHlwODjkjWEtMUyA==",
      "dev": true
    }
  }
}
